{
  "nodes": {
    "nixpkgs": {
      "locked": {
        "lastModified": 1789044656,
        "narHash": "sha256-+UAm2p74e9s0SUy3CztU907q9zhJgQtTMG0ysoVzrXA=",
        "owner": "NixOS",
        "repo": "nixpkgs",
        "rev": "1927682e0d808b4a695910f76562b11e2ddecab4",
        "type": "github"
      },
      "original": {
        "owner": "NixOS",
        "ref": "nixpkgs-unstable",
        "repo": "nixpkgs",
        "type": "github"
      }
    },
    "root": {
      "inputs": {
        "nixpkgs": "nixpkgs"
      }
    }
  },
  "root": "root",
  "version": 7
}
